// !$*UTF8*$!
{
	archiveVersion = 1;
	classes = {
	};
	objectVersion = 56;
	objects = {

/* Begin PBXBuildFile section */
		08AD369E2BEFDA3F00E8FB09 /* AppDelegate.swift in Sources */ = {isa = PBXBuildFile; fileRef = 08AD369D2BEFDA3F00E8FB09 /* AppDelegate.swift */; };
		08AD36A02BEFDA3F00E8FB09 /* SceneDelegate.swift in Sources */ = {isa = PBXBuildFile; fileRef = 08AD369F2BEFDA3F00E8FB09 /* SceneDelegate.swift */; };
		08AD36A52BEFDA3F00E8FB09 /* Main.storyboard in Resources */ = {isa = PBXBuildFile; fileRef = 08AD36A32BEFDA3F00E8FB09 /* Main.storyboard */; };
		08AD36A72BEFDA4500E8FB09 /* Assets.xcassets in Resources */ = {isa = PBXBuildFile; fileRef = 08AD36A62BEFDA4500E8FB09 /* Assets.xcassets */; };
		08AD36AA2BEFDA4500E8FB09 /* LaunchScreen.storyboard in Resources */ = {isa = PBXBuildFile; fileRef = 08AD36A82BEFDA4500E8FB09 /* LaunchScreen.storyboard */; };
		08AD36B52BEFDA4500E8FB09 /* AssignmentTests.swift in Sources */ = {isa = PBXBuildFile; fileRef = 08AD36B42BEFDA4500E8FB09 /* AssignmentTests.swift */; };
		08AD36BF2BEFDA4500E8FB09 /* AssignmentUITests.swift in Sources */ = {isa = PBXBuildFile; fileRef = 08AD36BE2BEFDA4500E8FB09 /* AssignmentUITests.swift */; };
		08AD36C12BEFDA4500E8FB09 /* AssignmentUITestsLaunchTests.swift in Sources */ = {isa = PBXBuildFile; fileRef = 08AD36C02BEFDA4500E8FB09 /* AssignmentUITestsLaunchTests.swift */; };
		08AD36CE2BEFDD6F00E8FB09 /* MediaModel.swift in Sources */ = {isa = PBXBuildFile; fileRef = 08AD36CD2BEFDD6F00E8FB09 /* MediaModel.swift */; };
		08AD36D02BEFDDE100E8FB09 /* MediaCovrageViewModel.swift in Sources */ = {isa = PBXBuildFile; fileRef = 08AD36CF2BEFDDE100E8FB09 /* MediaCovrageViewModel.swift */; };
		08AD36D22BEFDE0100E8FB09 /* ApiManager.swift in Sources */ = {isa = PBXBuildFile; fileRef = 08AD36D12BEFDE0100E8FB09 /* ApiManager.swift */; };
		08AD36D42BEFDF1800E8FB09 /* MediaViewController.swift in Sources */ = {isa = PBXBuildFile; fileRef = 08AD36D32BEFDF1800E8FB09 /* MediaViewController.swift */; };
		08AD36D62BEFE05B00E8FB09 /* MediaCoverageCell.swift in Sources */ = {isa = PBXBuildFile; fileRef = 08AD36D52BEFE05B00E8FB09 /* MediaCoverageCell.swift */; };
		08AD36D82BEFF5B800E8FB09 /* ImageLoader.swift in Sources */ = {isa = PBXBuildFile; fileRef = 08AD36D72BEFF5B800E8FB09 /* ImageLoader.swift */; };
		08B1337E2BF08FF100A8125E /* AlertManager.swift in Sources */ = {isa = PBXBuildFile; fileRef = 08B1337D2BF08FF100A8125E /* AlertManager.swift */; };
		08B133802BF0A65000A8125E /* ErrorMessageService.swift in Sources */ = {isa = PBXBuildFile; fileRef = 08B1337F2BF0A65000A8125E /* ErrorMessageService.swift */; };
		08B133882BF0B44800A8125E /* Constant.swift in Sources */ = {isa = PBXBuildFile; fileRef = 08B133872BF0B44800A8125E /* Constant.swift */; };
/* End PBXBuildFile section */

/* Begin PBXContainerItemProxy section */
		08AD36B12BEFDA4500E8FB09 /* PBXContainerItemProxy */ = {
			isa = PBXContainerItemProxy;
			containerPortal = 08AD36922BEFDA3F00E8FB09 /* Project object */;
			proxyType = 1;
			remoteGlobalIDString = 08AD36992BEFDA3F00E8FB09;
			remoteInfo = Assignment;
		};
		08AD36BB2BEFDA4500E8FB09 /* PBXContainerItemProxy */ = {
			isa = PBXContainerItemProxy;
			containerPortal = 08AD36922BEFDA3F00E8FB09 /* Project object */;
			proxyType = 1;
			remoteGlobalIDString = 08AD36992BEFDA3F00E8FB09;
			remoteInfo = Assignment;
		};
/* End PBXContainerItemProxy section */

/* Begin PBXFileReference section */
		08AD369A2BEFDA3F00E8FB09 /* Assignment.app */ = {isa = PBXFileReference; explicitFileType = wrapper.application; includeInIndex = 0; path = Assignment.app; sourceTree = BUILT_PRODUCTS_DIR; };
		08AD369D2BEFDA3F00E8FB09 /* AppDelegate.swift */ = {isa = PBXFileReference; lastKnownFileType = sourcecode.swift; path = AppDelegate.swift; sourceTree = "<group>"; };
		08AD369F2BEFDA3F00E8FB09 /* SceneDelegate.swift */ = {isa = PBXFileReference; lastKnownFileType = sourcecode.swift; path = SceneDelegate.swift; sourceTree = "<group>"; };
		08AD36A42BEFDA3F00E8FB09 /* Base */ = {isa = PBXFileReference; lastKnownFileType = file.storyboard; name = Base; path = Base.lproj/Main.storyboard; sourceTree = "<group>"; };
		08AD36A62BEFDA4500E8FB09 /* Assets.xcassets */ = {isa = PBXFileReference; lastKnownFileType = folder.assetcatalog; path = Assets.xcassets; sourceTree = "<group>"; };
		08AD36A92BEFDA4500E8FB09 /* Base */ = {isa = PBXFileReference; lastKnownFileType = file.storyboard; name = Base; path = Base.lproj/LaunchScreen.storyboard; sourceTree = "<group>"; };
		08AD36AB2BEFDA4500E8FB09 /* Info.plist */ = {isa = PBXFileReference; lastKnownFileType = text.plist.xml; path = Info.plist; sourceTree = "<group>"; };
		08AD36B02BEFDA4500E8FB09 /* AssignmentTests.xctest */ = {isa = PBXFileReference; explicitFileType = wrapper.cfbundle; includeInIndex = 0; path = AssignmentTests.xctest; sourceTree = BUILT_PRODUCTS_DIR; };
		08AD36B42BEFDA4500E8FB09 /* AssignmentTests.swift */ = {isa = PBXFileReference; lastKnownFileType = sourcecode.swift; path = AssignmentTests.swift; sourceTree = "<group>"; };
		08AD36BA2BEFDA4500E8FB09 /* AssignmentUITests.xctest */ = {isa = PBXFileReference; explicitFileType = wrapper.cfbundle; includeInIndex = 0; path = AssignmentUITests.xctest; sourceTree = BUILT_PRODUCTS_DIR; };
		08AD36BE2BEFDA4500E8FB09 /* AssignmentUITests.swift */ = {isa = PBXFileReference; lastKnownFileType = sourcecode.swift; path = AssignmentUITests.swift; sourceTree = "<group>"; };
		08AD36C02BEFDA4500E8FB09 /* AssignmentUITestsLaunchTests.swift */ = {isa = PBXFileReference; lastKnownFileType = sourcecode.swift; path = AssignmentUITestsLaunchTests.swift; sourceTree = "<group>"; };
		08AD36CD2BEFDD6F00E8FB09 /* MediaModel.swift */ = {isa = PBXFileReference; lastKnownFileType = sourcecode.swift; path = MediaModel.swift; sourceTree = "<group>"; };
		08AD36CF2BEFDDE100E8FB09 /* MediaCovrageViewModel.swift */ = {isa = PBXFileReference; lastKnownFileType = sourcecode.swift; path = MediaCovrageViewModel.swift; sourceTree = "<group>"; };
		08AD36D12BEFDE0100E8FB09 /* ApiManager.swift */ = {isa = PBXFileReference; lastKnownFileType = sourcecode.swift; path = ApiManager.swift; sourceTree = "<group>"; };
		08AD36D32BEFDF1800E8FB09 /* MediaViewController.swift */ = {isa = PBXFileReference; lastKnownFileType = sourcecode.swift; path = MediaViewController.swift; sourceTree = "<group>"; };
		08AD36D52BEFE05B00E8FB09 /* MediaCoverageCell.swift */ = {isa = PBXFileReference; lastKnownFileType = sourcecode.swift; path = MediaCoverageCell.swift; sourceTree = "<group>"; };
		08AD36D72BEFF5B800E8FB09 /* ImageLoader.swift */ = {isa = PBXFileReference; lastKnownFileType = sourcecode.swift; path = ImageLoader.swift; sourceTree = "<group>"; };
		08B1337D2BF08FF100A8125E /* AlertManager.swift */ = {isa = PBXFileReference; lastKnownFileType = sourcecode.swift; path = AlertManager.swift; sourceTree = "<group>"; };
		08B1337F2BF0A65000A8125E /* ErrorMessageService.swift */ = {isa = PBXFileReference; lastKnownFileType = sourcecode.swift; path = ErrorMessageService.swift; sourceTree = "<group>"; };
		08B133872BF0B44800A8125E /* Constant.swift */ = {isa = PBXFileReference; lastKnownFileType = sourcecode.swift; path = Constant.swift; sourceTree = "<group>"; };
/* End PBXFileReference section */

/* Begin PBXFrameworksBuildPhase section */
		08AD36972BEFDA3F00E8FB09 /* Frameworks */ = {
			isa = PBXFrameworksBuildPhase;
			buildActionMask = 2147483647;
			files = (
			);
			runOnlyForDeploymentPostprocessing = 0;
		};
		08AD36AD2BEFDA4500E8FB09 /* Frameworks */ = {
			isa = PBXFrameworksBuildPhase;
			buildActionMask = 2147483647;
			files = (
			);
			runOnlyForDeploymentPostprocessing = 0;
		};
		08AD36B72BEFDA4500E8FB09 /* Frameworks */ = {
			isa = PBXFrameworksBuildPhase;
			buildActionMask = 2147483647;
			files = (
			);
			runOnlyForDeploymentPostprocessing = 0;
		};
/* End PBXFrameworksBuildPhase section */

/* Begin PBXGroup section */
		08AD36912BEFDA3F00E8FB09 = {
			isa = PBXGroup;
			children = (
				08AD369C2BEFDA3F00E8FB09 /* Assignment */,
				08AD36B32BEFDA4500E8FB09 /* AssignmentTests */,
				08AD36BD2BEFDA4500E8FB09 /* AssignmentUITests */,
				08AD369B2BEFDA3F00E8FB09 /* Products */,
			);
			sourceTree = "<group>";
		};
		08AD369B2BEFDA3F00E8FB09 /* Products */ = {
			isa = PBXGroup;
			children = (
				08AD369A2BEFDA3F00E8FB09 /* Assignment.app */,
				08AD36B02BEFDA4500E8FB09 /* AssignmentTests.xctest */,
				08AD36BA2BEFDA4500E8FB09 /* AssignmentUITests.xctest */,
			);
			name = Products;
			sourceTree = "<group>";
		};
		08AD369C2BEFDA3F00E8FB09 /* Assignment */ = {
			isa = PBXGroup;
			children = (
				08B1338A2BF0BD6D00A8125E /* AppDelegate */,
				08B133812BF0B2DE00A8125E /* Model */,
				08B133842BF0B31200A8125E /* View */,
				08B133822BF0B2E800A8125E /* ViewModel */,
				08B133832BF0B2FE00A8125E /* ViewController */,
				08B133852BF0B33200A8125E /* Utils */,
				08B133892BF0B44E00A8125E /* Constant */,
				08B133862BF0B34A00A8125E /* ApiManager */,
				08AD36A32BEFDA3F00E8FB09 /* Main.storyboard */,
				08AD36A62BEFDA4500E8FB09 /* Assets.xcassets */,
				08AD36A82BEFDA4500E8FB09 /* LaunchScreen.storyboard */,
				08AD36AB2BEFDA4500E8FB09 /* Info.plist */,
			);
			path = Assignment;
			sourceTree = "<group>";
		};
		08AD36B32BEFDA4500E8FB09 /* AssignmentTests */ = {
			isa = PBXGroup;
			children = (
				08AD36B42BEFDA4500E8FB09 /* AssignmentTests.swift */,
			);
			path = AssignmentTests;
			sourceTree = "<group>";
		};
		08AD36BD2BEFDA4500E8FB09 /* AssignmentUITests */ = {
			isa = PBXGroup;
			children = (
				08AD36BE2BEFDA4500E8FB09 /* AssignmentUITests.swift */,
				08AD36C02BEFDA4500E8FB09 /* AssignmentUITestsLaunchTests.swift */,
			);
			path = AssignmentUITests;
			sourceTree = "<group>";
		};
		08B133812BF0B2DE00A8125E /* Model */ = {
			isa = PBXGroup;
			children = (
				08AD36CD2BEFDD6F00E8FB09 /* MediaModel.swift */,
			);
			path = Model;
			sourceTree = "<group>";
		};
		08B133822BF0B2E800A8125E /* ViewModel */ = {
			isa = PBXGroup;
			children = (
				08AD36CF2BEFDDE100E8FB09 /* MediaCovrageViewModel.swift */,
			);
			path = ViewModel;
			sourceTree = "<group>";
		};
		08B133832BF0B2FE00A8125E /* ViewController */ = {
			isa = PBXGroup;
			children = (
				08AD36D32BEFDF1800E8FB09 /* MediaViewController.swift */,
			);
			path = ViewController;
			sourceTree = "<group>";
		};
		08B133842BF0B31200A8125E /* View */ = {
			isa = PBXGroup;
			children = (
				08AD36D52BEFE05B00E8FB09 /* MediaCoverageCell.swift */,
			);
			path = View;
			sourceTree = "<group>";
		};
		08B133852BF0B33200A8125E /* Utils */ = {
			isa = PBXGroup;
			children = (
				08AD36D72BEFF5B800E8FB09 /* ImageLoader.swift */,
				08B1337D2BF08FF100A8125E /* AlertManager.swift */,
			);
			path = Utils;
			sourceTree = "<group>";
		};
		08B133862BF0B34A00A8125E /* ApiManager */ = {
			isa = PBXGroup;
			children = (
				08AD36D12BEFDE0100E8FB09 /* ApiManager.swift */,
				08B1337F2BF0A65000A8125E /* ErrorMessageService.swift */,
			);
			path = ApiManager;
			sourceTree = "<group>";
		};
		08B133892BF0B44E00A8125E /* Constant */ = {
			isa = PBXGroup;
			children = (
				08B133872BF0B44800A8125E /* Constant.swift */,
			);
			path = Constant;
			sourceTree = "<group>";
		};
		08B1338A2BF0BD6D00A8125E /* AppDelegate */ = {
			isa = PBXGroup;
			children = (
				08AD369D2BEFDA3F00E8FB09 /* AppDelegate.swift */,
				08AD369F2BEFDA3F00E8FB09 /* SceneDelegate.swift */,
			);
			path = AppDelegate;
			sourceTree = "<group>";
		};
/* End PBXGroup section */

/* Begin PBXNativeTarget section */
		08AD36992BEFDA3F00E8FB09 /* Assignment */ = {
			isa = PBXNativeTarget;
			buildConfigurationList = 08AD36C42BEFDA4500E8FB09 /* Build configuration list for PBXNativeTarget "Assignment" */;
			buildPhases = (
				08AD36962BEFDA3F00E8FB09 /* Sources */,
				08AD36972BEFDA3F00E8FB09 /* Frameworks */,
				08AD36982BEFDA3F00E8FB09 /* Resources */,
			);
			buildRules = (
			);
			dependencies = (
			);
			name = Assignment;
			productName = Assignment;
			productReference = 08AD369A2BEFDA3F00E8FB09 /* Assignment.app */;
			productType = "com.apple.product-type.application";
		};
		08AD36AF2BEFDA4500E8FB09 /* AssignmentTests */ = {
			isa = PBXNativeTarget;
			buildConfigurationList = 08AD36C72BEFDA4500E8FB09 /* Build configuration list for PBXNativeTarget "AssignmentTests" */;
			buildPhases = (
				08AD36AC2BEFDA4500E8FB09 /* Sources */,
				08AD36AD2BEFDA4500E8FB09 /* Frameworks */,
				08AD36AE2BEFDA4500E8FB09 /* Resources */,
			);
			buildRules = (
			);
			dependencies = (
				08AD36B22BEFDA4500E8FB09 /* PBXTargetDependency */,
			);
			name = AssignmentTests;
			productName = AssignmentTests;
			productReference = 08AD36B02BEFDA4500E8FB09 /* AssignmentTests.xctest */;
			productType = "com.apple.product-type.bundle.unit-test";
		};
		08AD36B92BEFDA4500E8FB09 /* AssignmentUITests */ = {
			isa = PBXNativeTarget;
			buildConfigurationList = 08AD36CA2BEFDA4500E8FB09 /* Build configuration list for PBXNativeTarget "AssignmentUITests" */;
			buildPhases = (
				08AD36B62BEFDA4500E8FB09 /* Sources */,
				08AD36B72BEFDA4500E8FB09 /* Frameworks */,
				08AD36B82BEFDA4500E8FB09 /* Resources */,
			);
			buildRules = (
			);
			dependencies = (
				08AD36BC2BEFDA4500E8FB09 /* PBXTargetDependency */,
			);
			name = AssignmentUITests;
			productName = AssignmentUITests;
			productReference = 08AD36BA2BEFDA4500E8FB09 /* AssignmentUITests.xctest */;
			productType = "com.apple.product-type.bundle.ui-testing";
		};
/* End PBXNativeTarget section */

/* Begin PBXProject section */
		08AD36922BEFDA3F00E8FB09 /* Project object */ = {
			isa = PBXProject;
			attributes = {
				BuildIndependentTargetsInParallel = 1;
				LastSwiftUpdateCheck = 1500;
				LastUpgradeCheck = 1500;
				TargetAttributes = {
					08AD36992BEFDA3F00E8FB09 = {
						CreatedOnToolsVersion = 15.0;
					};
					08AD36AF2BEFDA4500E8FB09 = {
						CreatedOnToolsVersion = 15.0;
						TestTargetID = 08AD36992BEFDA3F00E8FB09;
					};
					08AD36B92BEFDA4500E8FB09 = {
						CreatedOnToolsVersion = 15.0;
						TestTargetID = 08AD36992BEFDA3F00E8FB09;
					};
				};
			};
			buildConfigurationList = 08AD36952BEFDA3F00E8FB09 /* Build configuration list for PBXProject "Assignment" */;
			compatibilityVersion = "Xcode 14.0";
			developmentRegion = en;
			hasScannedForEncodings = 0;
			knownRegions = (
				en,
				Base,
			);
			mainGroup = 08AD36912BEFDA3F00E8FB09;
			productRefGroup = 08AD369B2BEFDA3F00E8FB09 /* Products */;
			projectDirPath = "";
			projectRoot = "";
			targets = (
				08AD36992BEFDA3F00E8FB09 /* Assignment */,
				08AD36AF2BEFDA4500E8FB09 /* AssignmentTests */,
				08AD36B92BEFDA4500E8FB09 /* AssignmentUITests */,
			);
		};
/* End PBXProject section */

/* Begin PBXResourcesBuildPhase section */
		08AD36982BEFDA3F00E8FB09 /* Resources */ = {
			isa = PBXResourcesBuildPhase;
			buildActionMask = 2147483647;
			files = (
				08AD36AA2BEFDA4500E8FB09 /* LaunchScreen.storyboard in Resources */,
				08AD36A72BEFDA4500E8FB09 /* Assets.xcassets in Resources */,
				08AD36A52BEFDA3F00E8FB09 /* Main.storyboard in Resources */,
			);
			runOnlyForDeploymentPostprocessing = 0;
		};
		08AD36AE2BEFDA4500E8FB09 /* Resources */ = {
			isa = PBXResourcesBuildPhase;
			buildActionMask = 2147483647;
			files = (
			);
			runOnlyForDeploymentPostprocessing = 0;
		};
		08AD36B82BEFDA4500E8FB09 /* Resources */ = {
			isa = PBXResourcesBuildPhase;
			buildActionMask = 2147483647;
			files = (
			);
			runOnlyForDeploymentPostprocessing = 0;
		};
/* End PBXResourcesBuildPhase section */

/* Begin PBXSourcesBuildPhase section */
		08AD36962BEFDA3F00E8FB09 /* Sources */ = {
			isa = PBXSourcesBuildPhase;
			buildActionMask = 2147483647;
			files = (
				08AD36D62BEFE05B00E8FB09 /* MediaCoverageCell.swift in Sources */,
				08AD36CE2BEFDD6F00E8FB09 /* MediaModel.swift in Sources */,
				08AD36D42BEFDF1800E8FB09 /* MediaViewController.swift in Sources */,
				08AD369E2BEFDA3F00E8FB09 /* AppDelegate.swift in Sources */,
				08AD36D02BEFDDE100E8FB09 /* MediaCovrageViewModel.swift in Sources */,
				08AD36D22BEFDE0100E8FB09 /* ApiManager.swift in Sources */,
				08AD36D82BEFF5B800E8FB09 /* ImageLoader.swift in Sources */,
				08AD36A02BEFDA3F00E8FB09 /* SceneDelegate.swift in Sources */,
				08B133882BF0B44800A8125E /* Constant.swift in Sources */,
				08B133802BF0A65000A8125E /* ErrorMessageService.swift in Sources */,
				08B1337E2BF08FF100A8125E /* AlertManager.swift in Sources */,
			);
			runOnlyForDeploymentPostprocessing = 0;
		};
		08AD36AC2BEFDA4500E8FB09 /* Sources */ = {
			isa = PBXSourcesBuildPhase;
			buildActionMask = 2147483647;
			files = (
				08AD36B52BEFDA4500E8FB09 /* AssignmentTests.swift in Sources */,
			);
			runOnlyForDeploymentPostprocessing = 0;
		};
		08AD36B62BEFDA4500E8FB09 /* Sources */ = {
			isa = PBXSourcesBuildPhase;
			buildActionMask = 2147483647;
			files = (
				08AD36BF2BEFDA4500E8FB09 /* AssignmentUITests.swift in Sources */,
				08AD36C12BEFDA4500E8FB09 /* AssignmentUITestsLaunchTests.swift in Sources */,
			);
			runOnlyForDeploymentPostprocessing = 0;
		};
/* End PBXSourcesBuildPhase section */

/* Begin PBXTargetDependency section */
		08AD36B22BEFDA4500E8FB09 /* PBXTargetDependency */ = {
			isa = PBXTargetDependency;
			target = 08AD36992BEFDA3F00E8FB09 /* Assignment */;
			targetProxy = 08AD36B12BEFDA4500E8FB09 /* PBXContainerItemProxy */;
		};
		08AD36BC2BEFDA4500E8FB09 /* PBXTargetDependency */ = {
			isa = PBXTargetDependency;
			target = 08AD36992BEFDA3F00E8FB09 /* Assignment */;
			targetProxy = 08AD36BB2BEFDA4500E8FB09 /* PBXContainerItemProxy */;
		};
/* End PBXTargetDependency section */

/* Begin PBXVariantGroup section */
		08AD36A32BEFDA3F00E8FB09 /* Main.storyboard */ = {
			isa = PBXVariantGroup;
			children = (
				08AD36A42BEFDA3F00E8FB09 /* Base */,
			);
			name = Main.storyboard;
			sourceTree = "<group>";
		};
		08AD36A82BEFDA4500E8FB09 /* LaunchScreen.storyboard */ = {
			isa = PBXVariantGroup;
			children = (
				08AD36A92BEFDA4500E8FB09 /* Base */,
			);
			name = LaunchScreen.storyboard;
			sourceTree = "<group>";
		};
/* End PBXVariantGroup section */

/* Begin XCBuildConfiguration section */
		08AD36C22BEFDA4500E8FB09 /* Debug */ = {
			isa = XCBuildConfiguration;
			buildSettings = {
				ALWAYS_SEARCH_USER_PATHS = NO;
				ASSETCATALOG_COMPILER_GENERATE_SWIFT_ASSET_SYMBOL_EXTENSIONS = YES;
				CLANG_ANALYZER_NONNULL = YES;
				CLANG_ANALYZER_NUMBER_OBJECT_CONVERSION = YES_AGGRESSIVE;
				CLANG_CXX_LANGUAGE_STANDARD = "gnu++20";
				CLANG_ENABLE_MODULES = YES;
				CLANG_ENABLE_OBJC_ARC = YES;
				CLANG_ENABLE_OBJC_WEAK = YES;
				CLANG_WARN_BLOCK_CAPTURE_AUTORELEASING = YES;
				CLANG_WARN_BOOL_CONVERSION = YES;
				CLANG_WARN_COMMA = YES;
				CLANG_WARN_CONSTANT_CONVERSION = YES;
				CLANG_WARN_DEPRECATED_OBJC_IMPLEMENTATIONS = YES;
				CLANG_WARN_DIRECT_OBJC_ISA_USAGE = YES_ERROR;
				CLANG_WARN_DOCUMENTATION_COMMENTS = YES;
				CLANG_WARN_EMPTY_BODY = YES;
				CLANG_WARN_ENUM_CONVERSION = YES;
				CLANG_WARN_INFINITE_RECURSION = YES;
				CLANG_WARN_INT_CONVERSION = YES;
				CLANG_WARN_NON_LITERAL_NULL_CONVERSION = YES;
				CLANG_WARN_OBJC_IMPLICIT_RETAIN_SELF = YES;
				CLANG_WARN_OBJC_LITERAL_CONVERSION = YES;
				CLANG_WARN_OBJC_ROOT_CLASS = YES_ERROR;
				CLANG_WARN_QUOTED_INCLUDE_IN_FRAMEWORK_HEADER = YES;
				CLANG_WARN_RANGE_LOOP_ANALYSIS = YES;
				CLANG_WARN_STRICT_PROTOTYPES = YES;
				CLANG_WARN_SUSPICIOUS_MOVE = YES;
				CLANG_WARN_UNGUARDED_AVAILABILITY = YES_AGGRESSIVE;
				CLANG_WARN_UNREACHABLE_CODE = YES;
				CLANG_WARN__DUPLICATE_METHOD_MATCH = YES;
				COPY_PHASE_STRIP = NO;
				DEBUG_INFORMATION_FORMAT = dwarf;
				ENABLE_STRICT_OBJC_MSGSEND = YES;
				ENABLE_TESTABILITY = YES;
				ENABLE_USER_SCRIPT_SANDBOXING = YES;
				GCC_C_LANGUAGE_STANDARD = gnu17;
				GCC_DYNAMIC_NO_PIC = NO;
				GCC_NO_COMMON_BLOCKS = YES;
				GCC_OPTIMIZATION_LEVEL = 0;
				GCC_PREPROCESSOR_DEFINITIONS = (
					"DEBUG=1",
					"$(inherited)",
				);
				GCC_WARN_64_TO_32_BIT_CONVERSION = YES;
				GCC_WARN_ABOUT_RETURN_TYPE = YES_ERROR;
				GCC_WARN_UNDECLARED_SELECTOR = YES;
				GCC_WARN_UNINITIALIZED_AUTOS = YES_AGGRESSIVE;
				GCC_WARN_UNUSED_FUNCTION = YES;
				GCC_WARN_UNUSED_VARIABLE = YES;
				IPHONEOS_DEPLOYMENT_TARGET = 17.0;
				LOCALIZATION_PREFERS_STRING_CATALOGS = YES;
				MTL_ENABLE_DEBUG_INFO = INCLUDE_SOURCE;
				MTL_FAST_MATH = YES;
				ONLY_ACTIVE_ARCH = YES;
				SDKROOT = iphoneos;
				SWIFT_ACTIVE_COMPILATION_CONDITIONS = "DEBUG $(inherited)";
				SWIFT_OPTIMIZATION_LEVEL = "-Onone";
			};
			name = Debug;
		};
		08AD36C32BEFDA4500E8FB09 /* Release */ = {
			isa = XCBuildConfiguration;
			buildSettings = {
				ALWAYS_SEARCH_USER_PATHS = NO;
				ASSETCATALOG_COMPILER_GENERATE_SWIFT_ASSET_SYMBOL_EXTENSIONS = YES;
				CLANG_ANALYZER_NONNULL = YES;
				CLANG_ANALYZER_NUMBER_OBJECT_CONVERSION = YES_AGGRESSIVE;
				CLANG_CXX_LANGUAGE_STANDARD = "gnu++20";
				CLANG_ENABLE_MODULES = YES;
				CLANG_ENABLE_OBJC_ARC = YES;
				CLANG_ENABLE_OBJC_WEAK = YES;
				CLANG_WARN_BLOCK_CAPTURE_AUTORELEASING = YES;
				CLANG_WARN_BOOL_CONVERSION = YES;
				CLANG_WARN_COMMA = YES;
				CLANG_WARN_CONSTANT_CONVERSION = YES;
				CLANG_WARN_DEPRECATED_OBJC_IMPLEMENTATIONS = YES;
				CLANG_WARN_DIRECT_OBJC_ISA_USAGE = YES_ERROR;
				CLANG_WARN_DOCUMENTATION_COMMENTS = YES;
				CLANG_WARN_EMPTY_BODY = YES;
				CLANG_WARN_ENUM_CONVERSION = YES;
				CLANG_WARN_INFINITE_RECURSION = YES;
				CLANG_WARN_INT_CONVERSION = YES;
				CLANG_WARN_NON_LITERAL_NULL_CONVERSION = YES;
				CLANG_WARN_OBJC_IMPLICIT_RETAIN_SELF = YES;
				CLANG_WARN_OBJC_LITERAL_CONVERSION = YES;
				CLANG_WARN_OBJC_ROOT_CLASS = YES_ERROR;
				CLANG_WARN_QUOTED_INCLUDE_IN_FRAMEWORK_HEADER = YES;
				CLANG_WARN_RANGE_LOOP_ANALYSIS = YES;
				CLANG_WARN_STRICT_PROTOTYPES = YES;
				CLANG_WARN_SUSPICIOUS_MOVE = YES;
				CLANG_WARN_UNGUARDED_AVAILABILITY = YES_AGGRESSIVE;
				CLANG_WARN_UNREACHABLE_CODE = YES;
				CLANG_WARN__DUPLICATE_METHOD_MATCH = YES;
				COPY_PHASE_STRIP = NO;
				DEBUG_INFORMATION_FORMAT = "dwarf-with-dsym";
				ENABLE_NS_ASSERTIONS = NO;
				ENABLE_STRICT_OBJC_MSGSEND = YES;
				ENABLE_USER_SCRIPT_SANDBOXING = YES;
				GCC_C_LANGUAGE_STANDARD = gnu17;
				GCC_NO_COMMON_BLOCKS = YES;
				GCC_WARN_64_TO_32_BIT_CONVERSION = YES;
				GCC_WARN_ABOUT_RETURN_TYPE = YES_ERROR;
				GCC_WARN_UNDECLARED_SELECTOR = YES;
				GCC_WARN_UNINITIALIZED_AUTOS = YES_AGGRESSIVE;
				GCC_WARN_UNUSED_FUNCTION = YES;
				GCC_WARN_UNUSED_VARIABLE = YES;
				IPHONEOS_DEPLOYMENT_TARGET = 17.0;
				LOCALIZATION_PREFERS_STRING_CATALOGS = YES;
				MTL_ENABLE_DEBUG_INFO = NO;
				MTL_FAST_MATH = YES;
				SDKROOT = iphoneos;
				SWIFT_COMPILATION_MODE = wholemodule;
				VALIDATE_PRODUCT = YES;
			};
			name = Release;
		};
		08AD36C52BEFDA4500E8FB09 /* Debug */ = {
			isa = XCBuildConfiguration;
			buildSettings = {
				ASSETCATALOG_COMPILER_APPICON_NAME = AppIcon;
				ASSETCATALOG_COMPILER_GLOBAL_ACCENT_COLOR_NAME = AccentColor;
				CODE_SIGN_STYLE = Automatic;
				CURRENT_PROJECT_VERSION = 1;
				GENERATE_INFOPLIST_FILE = YES;
				INFOPLIST_FILE = Assignment/Info.plist;
				INFOPLIST_KEY_UIApplicationSupportsIndirectInputEvents = YES;
				INFOPLIST_KEY_UILaunchStoryboardName = LaunchScreen;
				INFOPLIST_KEY_UIMainStoryboardFile = Main;
				INFOPLIST_KEY_UISupportedInterfaceOrientations_iPad = "UIInterfaceOrientationPortrait UIInterfaceOrientationPortraitUpsideDown UIInterfaceOrientationLandscapeLeft UIInterfaceOrientationLandscapeRight";
				INFOPLIST_KEY_UISupportedInterfaceOrientations_iPhone = "UIInterfaceOrientationPortrait UIInterfaceOrientationLandscapeLeft UIInterfaceOrientationLandscapeRight";
				LD_RUNPATH_SEARCH_PATHS = (
					"$(inherited)",
					"@executable_path/Frameworks",
				);
				MARKETING_VERSION = 1.0;
				PRODUCT_BUNDLE_IDENTIFIER = com.pramod.Assignment;
				PRODUCT_NAME = "$(TARGET_NAME)";
				SWIFT_EMIT_LOC_STRINGS = YES;
				SWIFT_VERSION = 5.0;
				TARGETED_DEVICE_FAMILY = "1,2";
			};
			name = Debug;
		};
		08AD36C62BEFDA4500E8FB09 /* Release */ = {
			isa = XCBuildConfiguration;
			buildSettings = {
				ASSETCATALOG_COMPILER_APPICON_NAME = AppIcon;
				ASSETCATALOG_COMPILER_GLOBAL_ACCENT_COLOR_NAME = AccentColor;
				CODE_SIGN_STYLE = Automatic;
				CURRENT_PROJECT_VERSION = 1;
				GENERATE_INFOPLIST_FILE = YES;
				INFOPLIST_FILE = Assignment/Info.plist;
				INFOPLIST_KEY_UIApplicationSupportsIndirectInputEvents = YES;
				INFOPLIST_KEY_UILaunchStoryboardName = LaunchScreen;
				INFOPLIST_KEY_UIMainStoryboardFile = Main;
				INFOPLIST_KEY_UISupportedInterfaceOrientations_iPad = "UIInterfaceOrientationPortrait UIInterfaceOrientationPortraitUpsideDown UIInterfaceOrientationLandscapeLeft UIInterfaceOrientationLandscapeRight";
				INFOPLIST_KEY_UISupportedInterfaceOrientations_iPhone = "UIInterfaceOrientationPortrait UIInterfaceOrientationLandscapeLeft UIInterfaceOrientationLandscapeRight";
				LD_RUNPATH_SEARCH_PATHS = (
					"$(inherited)",
					"@executable_path/Frameworks",
				);
				MARKETING_VERSION = 1.0;
				PRODUCT_BUNDLE_IDENTIFIER = com.pramod.Assignment;
				PRODUCT_NAME = "$(TARGET_NAME)";
				SWIFT_EMIT_LOC_STRINGS = YES;
				SWIFT_VERSION = 5.0;
				TARGETED_DEVICE_FAMILY = "1,2";
			};
			name = Release;
		};
		08AD36C82BEFDA4500E8FB09 /* Debug */ = {
			isa = XCBuildConfiguration;
			buildSettings = {
				ALWAYS_EMBED_SWIFT_STANDARD_LIBRARIES = YES;
				BUNDLE_LOADER = "$(TEST_HOST)";
				CODE_SIGN_STYLE = Automatic;
				CURRENT_PROJECT_VERSION = 1;
				GENERATE_INFOPLIST_FILE = YES;
				IPHONEOS_DEPLOYMENT_TARGET = 17.0;
				MARKETING_VERSION = 1.0;
				PRODUCT_BUNDLE_IDENTIFIER = com.pramod.AssignmentTests;
				PRODUCT_NAME = "$(TARGET_NAME)";
				SWIFT_EMIT_LOC_STRINGS = NO;
				SWIFT_VERSION = 5.0;
				TARGETED_DEVICE_FAMILY = "1,2";
				TEST_HOST = "$(BUILT_PRODUCTS_DIR)/Assignment.app/$(BUNDLE_EXECUTABLE_FOLDER_PATH)/Assignment";
			};
			name = Debug;
		};
		08AD36C92BEFDA4500E8FB09 /* Release */ = {
			isa = XCBuildConfiguration;
			buildSettings = {
				ALWAYS_EMBED_SWIFT_STANDARD_LIBRARIES = YES;
				BUNDLE_LOADER = "$(TEST_HOST)";
				CODE_SIGN_STYLE = Automatic;
				CURRENT_PROJECT_VERSION = 1;
				GENERATE_INFOPLIST_FILE = YES;
				IPHONEOS_DEPLOYMENT_TARGET = 17.0;
				MARKETING_VERSION = 1.0;
				PRODUCT_BUNDLE_IDENTIFIER = com.pramod.AssignmentTests;
				PRODUCT_NAME = "$(TARGET_NAME)";
				SWIFT_EMIT_LOC_STRINGS = NO;
				SWIFT_VERSION = 5.0;
				TARGETED_DEVICE_FAMILY = "1,2";
				TEST_HOST = "$(BUILT_PRODUCTS_DIR)/Assignment.app/$(BUNDLE_EXECUTABLE_FOLDER_PATH)/Assignment";
			};
			name = Release;
		};
		08AD36CB2BEFDA4500E8FB09 /* Debug */ = {
			isa = XCBuildConfiguration;
			buildSettings = {
				ALWAYS_EMBED_SWIFT_STANDARD_LIBRARIES = YES;
				CODE_SIGN_STYLE = Automatic;
				CURRENT_PROJECT_VERSION = 1;
				GENERATE_INFOPLIST_FILE = YES;
				MARKETING_VERSION = 1.0;
				PRODUCT_BUNDLE_IDENTIFIER = com.pramod.AssignmentUITests;
				PRODUCT_NAME = "$(TARGET_NAME)";
				SWIFT_EMIT_LOC_STRINGS = NO;
				SWIFT_VERSION = 5.0;
				TARGETED_DEVICE_FAMILY = "1,2";
				TEST_TARGET_NAME = Assignment;
			};
			name = Debug;
		};
		08AD36CC2BEFDA4500E8FB09 /* Release */ = {
			isa = XCBuildConfiguration;
			buildSettings = {
				ALWAYS_EMBED_SWIFT_STANDARD_LIBRARIES = YES;
				CODE_SIGN_STYLE = Automatic;
				CURRENT_PROJECT_VERSION = 1;
				GENERATE_INFOPLIST_FILE = YES;
				MARKETING_VERSION = 1.0;
				PRODUCT_BUNDLE_IDENTIFIER = com.pramod.AssignmentUITests;
				PRODUCT_NAME = "$(TARGET_NAME)";
				SWIFT_EMIT_LOC_STRINGS = NO;
				SWIFT_VERSION = 5.0;
				TARGETED_DEVICE_FAMILY = "1,2";
				TEST_TARGET_NAME = Assignment;
			};
			name = Release;
		};
/* End XCBuildConfiguration section */

/* Begin XCConfigurationList section */
		08AD36952BEFDA3F00E8FB09 /* Build configuration list for PBXProject "Assignment" */ = {
			isa = XCConfigurationList;
			buildConfigurations = (
				08AD36C22BEFDA4500E8FB09 /* Debug */,
				08AD36C32BEFDA4500E8FB09 /* Release */,
			);
			defaultConfigurationIsVisible = 0;
			defaultConfigurationName = Release;
		};
		08AD36C42BEFDA4500E8FB09 /* Build configuration list for PBXNativeTarget "Assignment" */ = {
			isa = XCConfigurationList;
			buildConfigurations = (
				08AD36C52BEFDA4500E8FB09 /* Debug */,
				08AD36C62BEFDA4500E8FB09 /* Release */,
			);
			defaultConfigurationIsVisible = 0;
			defaultConfigurationName = Release;
		};
		08AD36C72BEFDA4500E8FB09 /* Build configuration list for PBXNativeTarget "AssignmentTests" */ = {
			isa = XCConfigurationList;
			buildConfigurations = (
				08AD36C82BEFDA4500E8FB09 /* Debug */,
				08AD36C92BEFDA4500E8FB09 /* Release */,
			);
			defaultConfigurationIsVisible = 0;
			defaultConfigurationName = Release;
		};
		08AD36CA2BEFDA4500E8FB09 /* Build configuration list for PBXNativeTarget "AssignmentUITests" */ = {
			isa = XCConfigurationList;
			buildConfigurations = (
				08AD36CB2BEFDA4500E8FB09 /* Debug */,
				08AD36CC2BEFDA4500E8FB09 /* Release */,
			);
			defaultConfigurationIsVisible = 0;
			defaultConfigurationName = Release;
		};
/* End XCConfigurationList section */
	};
	rootObject = 08AD36922BEFDA3F00E8FB09 /* Project object */;
}
